
Microsoft Visual Studio Solution File, Format Version 12.00
# Visual Studio Version 17
VisualStudioVersion = 17.12.35707.178
MinimumVisualStudioVersion = 10.0.40219.1
Project("{2150E333-8FDC-42A3-9474-1A3956D46DE8}") = "src", "src", "{A1D83CE0-E677-480A-9AC4-7855735D3B20}"
EndProject
Project("{2150E333-8FDC-42A3-9474-1A3956D46DE8}") = "test", "test", "{F91B8FCB-31C3-4C85-9875-AEA1204E9181}"
EndProject
Project("{2150E333-8FDC-42A3-9474-1A3956D46DE8}") = "API", "API", "{947D9CE7-8710-4C7E-8017-CC40DCD07209}"
EndProject
Project("{2150E333-8FDC-42A3-9474-1A3956D46DE8}") = "Core", "Core", "{44CD73D0-6D45-4524-9C21-C4A2BE3946A8}"
EndProject
Project("{2150E333-8FDC-42A3-9474-1A3956D46DE8}") = "Infrastructure", "Infrastructure", "{72DB4F9B-FF1C-4EFC-BC81-BA395B91F76E}"
EndProject
Project("{FAE04EC0-301F-11D3-BF4B-00C04F79EFBC}") = "BudgetAppBackend.Infrastructure", "BudgetAppBackend.Infrastructure\BudgetAppBackend.Infrastructure.csproj", "{B27B4652-165C-48E3-A8D4-687B73969416}"
EndProject
Project("{FAE04EC0-301F-11D3-BF4B-00C04F79EFBC}") = "BudgetAppBackend.Domain", "BudgetAppBackend.Domain\BudgetAppBackend.Domain.csproj", "{623F75C8-5760-42DA-9164-FB0E20F8A42D}"
EndProject
Project("{FAE04EC0-301F-11D3-BF4B-00C04F79EFBC}") = "BudgetAppBackend.Application", "BudgetAppBackend.Application\BudgetAppBackend.Application.csproj", "{5DFABB2D-DA13-4DE5-AE96-E858293A92E4}"
EndProject
Project("{FAE04EC0-301F-11D3-BF4B-00C04F79EFBC}") = "BudgetAppBackend.API", "BudgetAppBackend.API\BudgetAppBackend.API.csproj", "{B2238C2F-3418-4916-89B9-946E3774CCCC}"
EndProject
Project("{FAE04EC0-301F-11D3-BF4B-00C04F79EFBC}") = "BudgetAppBackend.Domain.Tests", "BudgetAppBackend.Domain.Tests\BudgetAppBackend.Domain.Tests.csproj", "{5222A3F8-1EF0-498A-AA68-90BBDEFFC5BC}"
EndProject
Project("{FAE04EC0-301F-11D3-BF4B-00C04F79EFBC}") = "BudgetAppBackend.API.Tests", "BudgetAppBackend.API.Tests\BudgetAppBackend.API.Tests.csproj", "{6AE29550-381B-4DD3-AEFD-1E2462850E1E}"
EndProject
Global
	GlobalSection(SolutionConfigurationPlatforms) = preSolution
		Debug|Any CPU = Debug|Any CPU
		Debug|x64 = Debug|x64
		Release|Any CPU = Release|Any CPU
		Release|x64 = Release|x64
	EndGlobalSection
	GlobalSection(ProjectConfigurationPlatforms) = postSolution
		{B27B4652-165C-48E3-A8D4-687B73969416}.Debug|Any CPU.ActiveCfg = Debug|Any CPU
		{B27B4652-165C-48E3-A8D4-687B73969416}.Debug|Any CPU.Build.0 = Debug|Any CPU
		{B27B4652-165C-48E3-A8D4-687B73969416}.Debug|x64.ActiveCfg = Debug|x64
		{B27B4652-165C-48E3-A8D4-687B73969416}.Debug|x64.Build.0 = Debug|x64
		{B27B4652-165C-48E3-A8D4-687B73969416}.Release|Any CPU.ActiveCfg = Release|Any CPU
		{B27B4652-165C-48E3-A8D4-687B73969416}.Release|Any CPU.Build.0 = Release|Any CPU
		{B27B4652-165C-48E3-A8D4-687B73969416}.Release|x64.ActiveCfg = Release|x64
		{B27B4652-165C-48E3-A8D4-687B73969416}.Release|x64.Build.0 = Release|x64
		{623F75C8-5760-42DA-9164-FB0E20F8A42D}.Debug|Any CPU.ActiveCfg = Debug|Any CPU
		{623F75C8-5760-42DA-9164-FB0E20F8A42D}.Debug|Any CPU.Build.0 = Debug|Any CPU
		{623F75C8-5760-42DA-9164-FB0E20F8A42D}.Debug|x64.ActiveCfg = Debug|Any CPU
		{623F75C8-5760-42DA-9164-FB0E20F8A42D}.Debug|x64.Build.0 = Debug|Any CPU
		{623F75C8-5760-42DA-9164-FB0E20F8A42D}.Release|Any CPU.ActiveCfg = Release|Any CPU
		{623F75C8-5760-42DA-9164-FB0E20F8A42D}.Release|Any CPU.Build.0 = Release|Any CPU
		{623F75C8-5760-42DA-9164-FB0E20F8A42D}.Release|x64.ActiveCfg = Release|Any CPU
		{623F75C8-5760-42DA-9164-FB0E20F8A42D}.Release|x64.Build.0 = Release|Any CPU
		{5DFABB2D-DA13-4DE5-AE96-E858293A92E4}.Debug|Any CPU.ActiveCfg = Debug|Any CPU
		{5DFABB2D-DA13-4DE5-AE96-E858293A92E4}.Debug|Any CPU.Build.0 = Debug|Any CPU
		{5DFABB2D-DA13-4DE5-AE96-E858293A92E4}.Debug|x64.ActiveCfg = Debug|Any CPU
		{5DFABB2D-DA13-4DE5-AE96-E858293A92E4}.Debug|x64.Build.0 = Debug|Any CPU
		{5DFABB2D-DA13-4DE5-AE96-E858293A92E4}.Release|Any CPU.ActiveCfg = Release|Any CPU
		{5DFABB2D-DA13-4DE5-AE96-E858293A92E4}.Release|Any CPU.Build.0 = Release|Any CPU
		{5DFABB2D-DA13-4DE5-AE96-E858293A92E4}.Release|x64.ActiveCfg = Release|Any CPU
		{5DFABB2D-DA13-4DE5-AE96-E858293A92E4}.Release|x64.Build.0 = Release|Any CPU
		{B2238C2F-3418-4916-89B9-946E3774CCCC}.Debug|Any CPU.ActiveCfg = Debug|Any CPU
		{B2238C2F-3418-4916-89B9-946E3774CCCC}.Debug|Any CPU.Build.0 = Debug|Any CPU
		{B2238C2F-3418-4916-89B9-946E3774CCCC}.Debug|x64.ActiveCfg = Debug|Any CPU
		{B2238C2F-3418-4916-89B9-946E3774CCCC}.Debug|x64.Build.0 = Debug|Any CPU
		{B2238C2F-3418-4916-89B9-946E3774CCCC}.Release|Any CPU.ActiveCfg = Release|Any CPU
		{B2238C2F-3418-4916-89B9-946E3774CCCC}.Release|Any CPU.Build.0 = Release|Any CPU
		{B2238C2F-3418-4916-89B9-946E3774CCCC}.Release|x64.ActiveCfg = Release|Any CPU
		{B2238C2F-3418-4916-89B9-946E3774CCCC}.Release|x64.Build.0 = Release|Any CPU
		{5222A3F8-1EF0-498A-AA68-90BBDEFFC5BC}.Debug|Any CPU.ActiveCfg = Debug|Any CPU
		{5222A3F8-1EF0-498A-AA68-90BBDEFFC5BC}.Debug|Any CPU.Build.0 = Debug|Any CPU
		{5222A3F8-1EF0-498A-AA68-90BBDEFFC5BC}.Debug|x64.ActiveCfg = Debug|Any CPU
		{5222A3F8-1EF0-498A-AA68-90BBDEFFC5BC}.Debug|x64.Build.0 = Debug|Any CPU
		{5222A3F8-1EF0-498A-AA68-90BBDEFFC5BC}.Release|Any CPU.ActiveCfg = Release|Any CPU
		{5222A3F8-1EF0-498A-AA68-90BBDEFFC5BC}.Release|Any CPU.Build.0 = Release|Any CPU
		{5222A3F8-1EF0-498A-AA68-90BBDEFFC5BC}.Release|x64.ActiveCfg = Release|Any CPU
		{5222A3F8-1EF0-498A-AA68-90BBDEFFC5BC}.Release|x64.Build.0 = Release|Any CPU
		{6AE29550-381B-4DD3-AEFD-1E2462850E1E}.Debug|Any CPU.ActiveCfg = Debug|Any CPU
		{6AE29550-381B-4DD3-AEFD-1E2462850E1E}.Debug|Any CPU.Build.0 = Debug|Any CPU
		{6AE29550-381B-4DD3-AEFD-1E2462850E1E}.Debug|x64.ActiveCfg = Debug|Any CPU
		{6AE29550-381B-4DD3-AEFD-1E2462850E1E}.Debug|x64.Build.0 = Debug|Any CPU
		{6AE29550-381B-4DD3-AEFD-1E2462850E1E}.Release|Any CPU.ActiveCfg = Release|Any CPU
		{6AE29550-381B-4DD3-AEFD-1E2462850E1E}.Release|Any CPU.Build.0 = Release|Any CPU
		{6AE29550-381B-4DD3-AEFD-1E2462850E1E}.Release|x64.ActiveCfg = Release|Any CPU
		{6AE29550-381B-4DD3-AEFD-1E2462850E1E}.Release|x64.Build.0 = Release|Any CPU
	EndGlobalSection
	GlobalSection(SolutionProperties) = preSolution
		HideSolutionNode = FALSE
	EndGlobalSection
	GlobalSection(NestedProjects) = preSolution
		{947D9CE7-8710-4C7E-8017-CC40DCD07209} = {A1D83CE0-E677-480A-9AC4-7855735D3B20}
		{44CD73D0-6D45-4524-9C21-C4A2BE3946A8} = {A1D83CE0-E677-480A-9AC4-7855735D3B20}
		{72DB4F9B-FF1C-4EFC-BC81-BA395B91F76E} = {A1D83CE0-E677-480A-9AC4-7855735D3B20}
		{B27B4652-165C-48E3-A8D4-687B73969416} = {72DB4F9B-FF1C-4EFC-BC81-BA395B91F76E}
		{623F75C8-5760-42DA-9164-FB0E20F8A42D} = {44CD73D0-6D45-4524-9C21-C4A2BE3946A8}
		{5DFABB2D-DA13-4DE5-AE96-E858293A92E4} = {44CD73D0-6D45-4524-9C21-C4A2BE3946A8}
		{B2238C2F-3418-4916-89B9-946E3774CCCC} = {947D9CE7-8710-4C7E-8017-CC40DCD07209}
		{5222A3F8-1EF0-498A-AA68-90BBDEFFC5BC} = {F91B8FCB-31C3-4C85-9875-AEA1204E9181}
		{6AE29550-381B-4DD3-AEFD-1E2462850E1E} = {F91B8FCB-31C3-4C85-9875-AEA1204E9181}
	EndGlobalSection
EndGlobal
